// !$*UTF8*$!
{
	archiveVersion = 1;
	classes = {
	};
	objectVersion = 56;
	objects = {

/* Begin PBXBuildFile section */
		2D2FB0452B64D05D0019EFED /* ButtonConfiguration.swift in Sources */ = {isa = PBXBuildFile; fileRef = 2D2FB0442B64D05D0019EFED /* ButtonConfiguration.swift */; };
		2D2FB04C2B64D1510019EFED /* CustomButtonDemo.swift in Sources */ = {isa = PBXBuildFile; fileRef = 2D2FB04B2B64D1510019EFED /* CustomButtonDemo.swift */; };
		2D2FB0502B64D5C70019EFED /* ButtonStyleDemo.swift in Sources */ = {isa = PBXBuildFile; fileRef = 2D2FB04F2B64D5C70019EFED /* ButtonStyleDemo.swift */; };
		2D2FB0522B6522D20019EFED /* TransitionDemo.swift in Sources */ = {isa = PBXBuildFile; fileRef = 2D2FB0512B6522D20019EFED /* TransitionDemo.swift */; };
		2D2FB0582B6653EC0019EFED /* CustomTransitionDemo.swift in Sources */ = {isa = PBXBuildFile; fileRef = 2D2FB0572B6653EC0019EFED /* CustomTransitionDemo.swift */; };
		2D2FB05C2B665A3F0019EFED /* CustomTransitions.swift in Sources */ = {isa = PBXBuildFile; fileRef = 2D2FB05B2B665A3F0019EFED /* CustomTransitions.swift */; };
		2D2FB05F2B66A8E50019EFED /* MatchedGeometryDemo.swift in Sources */ = {isa = PBXBuildFile; fileRef = 2D2FB05E2B66A8E50019EFED /* MatchedGeometryDemo.swift */; };
		2D5C472A2B637C7F00E541C0 /* SwiftUILearningApp.swift in Sources */ = {isa = PBXBuildFile; fileRef = 2D5C47292B637C7F00E541C0 /* SwiftUILearningApp.swift */; };
		2D5C472E2B637C8100E541C0 /* Assets.xcassets in Resources */ = {isa = PBXBuildFile; fileRef = 2D5C472D2B637C8100E541C0 /* Assets.xcassets */; };
		2D5C47312B637C8100E541C0 /* Preview Assets.xcassets in Resources */ = {isa = PBXBuildFile; fileRef = 2D5C47302B637C8100E541C0 /* Preview Assets.xcassets */; };
		2D931AEA2B68035900622C75 /* AutomaticGrammarAgreement.swift in Sources */ = {isa = PBXBuildFile; fileRef = 2D931AE92B68035900622C75 /* AutomaticGrammarAgreement.swift */; };
		2D931AED2B68083F00622C75 /* CustomShapesDemo.swift in Sources */ = {isa = PBXBuildFile; fileRef = 2D931AEC2B68083F00622C75 /* CustomShapesDemo.swift */; };
		2D931AEF2B68A4D600622C75 /* CustomShapes.swift in Sources */ = {isa = PBXBuildFile; fileRef = 2D931AEE2B68A4D600622C75 /* CustomShapes.swift */; };
/* End PBXBuildFile section */

/* Begin PBXFileReference section */
		2D2FB0442B64D05D0019EFED /* ButtonConfiguration.swift */ = {isa = PBXFileReference; lastKnownFileType = sourcecode.swift; path = ButtonConfiguration.swift; sourceTree = "<group>"; };
		2D2FB04B2B64D1510019EFED /* CustomButtonDemo.swift */ = {isa = PBXFileReference; lastKnownFileType = sourcecode.swift; path = CustomButtonDemo.swift; sourceTree = "<group>"; };
		2D2FB04F2B64D5C70019EFED /* ButtonStyleDemo.swift */ = {isa = PBXFileReference; lastKnownFileType = sourcecode.swift; path = ButtonStyleDemo.swift; sourceTree = "<group>"; };
		2D2FB0512B6522D20019EFED /* TransitionDemo.swift */ = {isa = PBXFileReference; lastKnownFileType = sourcecode.swift; path = TransitionDemo.swift; sourceTree = "<group>"; };
		2D2FB0572B6653EC0019EFED /* CustomTransitionDemo.swift */ = {isa = PBXFileReference; lastKnownFileType = sourcecode.swift; path = CustomTransitionDemo.swift; sourceTree = "<group>"; };
		2D2FB05B2B665A3F0019EFED /* CustomTransitions.swift */ = {isa = PBXFileReference; lastKnownFileType = sourcecode.swift; path = CustomTransitions.swift; sourceTree = "<group>"; };
		2D2FB05E2B66A8E50019EFED /* MatchedGeometryDemo.swift */ = {isa = PBXFileReference; lastKnownFileType = sourcecode.swift; path = MatchedGeometryDemo.swift; sourceTree = "<group>"; };
		2D5C47262B637C7F00E541C0 /* SwiftUILearning.app */ = {isa = PBXFileReference; explicitFileType = wrapper.application; includeInIndex = 0; path = SwiftUILearning.app; sourceTree = BUILT_PRODUCTS_DIR; };
		2D5C47292B637C7F00E541C0 /* SwiftUILearningApp.swift */ = {isa = PBXFileReference; lastKnownFileType = sourcecode.swift; path = SwiftUILearningApp.swift; sourceTree = "<group>"; };
		2D5C472D2B637C8100E541C0 /* Assets.xcassets */ = {isa = PBXFileReference; lastKnownFileType = folder.assetcatalog; path = Assets.xcassets; sourceTree = "<group>"; };
		2D5C47302B637C8100E541C0 /* Preview Assets.xcassets */ = {isa = PBXFileReference; lastKnownFileType = folder.assetcatalog; path = "Preview Assets.xcassets"; sourceTree = "<group>"; };
		2D931AE92B68035900622C75 /* AutomaticGrammarAgreement.swift */ = {isa = PBXFileReference; lastKnownFileType = sourcecode.swift; path = AutomaticGrammarAgreement.swift; sourceTree = "<group>"; };
		2D931AEC2B68083F00622C75 /* CustomShapesDemo.swift */ = {isa = PBXFileReference; lastKnownFileType = sourcecode.swift; path = CustomShapesDemo.swift; sourceTree = "<group>"; };
		2D931AEE2B68A4D600622C75 /* CustomShapes.swift */ = {isa = PBXFileReference; lastKnownFileType = sourcecode.swift; path = CustomShapes.swift; sourceTree = "<group>"; };
/* End PBXFileReference section */

/* Begin PBXFrameworksBuildPhase section */
		2D5C47232B637C7F00E541C0 /* Frameworks */ = {
			isa = PBXFrameworksBuildPhase;
			buildActionMask = 2147483647;
			files = (
			);
			runOnlyForDeploymentPostprocessing = 0;
		};
/* End PBXFrameworksBuildPhase section */

/* Begin PBXGroup section */
		2D2FB0432B64D02E0019EFED /* ButtonConfiguration */ = {
			isa = PBXGroup;
			children = (
				2D2FB0442B64D05D0019EFED /* ButtonConfiguration.swift */,
			);
			path = ButtonConfiguration;
			sourceTree = "<group>";
		};
		2D2FB04D2B64D5AC0019EFED /* Components */ = {
			isa = PBXGroup;
			children = (
				2D2FB04E2B64D5B40019EFED /* Button */,
			);
			path = Components;
			sourceTree = "<group>";
		};
		2D2FB04E2B64D5B40019EFED /* Button */ = {
			isa = PBXGroup;
			children = (
				2D2FB0432B64D02E0019EFED /* ButtonConfiguration */,
				2D2FB04B2B64D1510019EFED /* CustomButtonDemo.swift */,
				2D2FB04F2B64D5C70019EFED /* ButtonStyleDemo.swift */,
			);
			path = Button;
			sourceTree = "<group>";
		};
		2D2FB0552B652CC30019EFED /* Animations */ = {
			isa = PBXGroup;
			children = (
				2D2FB05D2B66A89E0019EFED /* MatchedGeometry */,
				2D2FB0562B652CCE0019EFED /* Transitions */,
			);
			path = Animations;
			sourceTree = "<group>";
		};
		2D2FB0562B652CCE0019EFED /* Transitions */ = {
			isa = PBXGroup;
			children = (
				2D2FB05B2B665A3F0019EFED /* CustomTransitions.swift */,
				2D2FB0512B6522D20019EFED /* TransitionDemo.swift */,
				2D2FB0572B6653EC0019EFED /* CustomTransitionDemo.swift */,
			);
			path = Transitions;
			sourceTree = "<group>";
		};
		2D2FB05D2B66A89E0019EFED /* MatchedGeometry */ = {
			isa = PBXGroup;
			children = (
				2D2FB05E2B66A8E50019EFED /* MatchedGeometryDemo.swift */,
			);
			path = MatchedGeometry;
			sourceTree = "<group>";
		};
		2D5C471D2B637C7F00E541C0 = {
			isa = PBXGroup;
			children = (
				2D5C47282B637C7F00E541C0 /* SwiftUILearning */,
				2D5C47272B637C7F00E541C0 /* Products */,
			);
			sourceTree = "<group>";
		};
		2D5C47272B637C7F00E541C0 /* Products */ = {
			isa = PBXGroup;
			children = (
				2D5C47262B637C7F00E541C0 /* SwiftUILearning.app */,
			);
			name = Products;
			sourceTree = "<group>";
		};
		2D5C47282B637C7F00E541C0 /* SwiftUILearning */ = {
			isa = PBXGroup;
			children = (
				2D6013822B6E029700380822 /* Map */,
				2D931AEB2B68080600622C75 /* Shapes */,
				2D931AE82B68033200622C75 /* SwiftHacks */,
				2D2FB0552B652CC30019EFED /* Animations */,
				2D2FB04D2B64D5AC0019EFED /* Components */,
				2D5C47292B637C7F00E541C0 /* SwiftUILearningApp.swift */,
				2D5C472D2B637C8100E541C0 /* Assets.xcassets */,
				2D5C472F2B637C8100E541C0 /* Preview Content */,
			);
			path = SwiftUILearning;
			sourceTree = "<group>";
		};
		2D5C472F2B637C8100E541C0 /* Preview Content */ = {
			isa = PBXGroup;
			children = (
				2D5C47302B637C8100E541C0 /* Preview Assets.xcassets */,
			);
			path = "Preview Content";
			sourceTree = "<group>";
		};
		2D6013822B6E029700380822 /* Map */ = {
			isa = PBXGroup;
			children = (
				2D6013832B6E029F00380822 /* Views */,
			);
			path = Map;
			sourceTree = "<group>";
		};
		2D6013832B6E029F00380822 /* Views */ = {
			isa = PBXGroup;
			children = (
			);
			path = Views;
			sourceTree = "<group>";
		};
		2D931AE82B68033200622C75 /* SwiftHacks */ = {
			isa = PBXGroup;
			children = (
				2D931AE92B68035900622C75 /* AutomaticGrammarAgreement.swift */,
			);
			path = SwiftHacks;
			sourceTree = "<group>";
		};
		2D931AEB2B68080600622C75 /* Shapes */ = {
			isa = PBXGroup;
			children = (
				2D931AEC2B68083F00622C75 /* CustomShapesDemo.swift */,
				2D931AEE2B68A4D600622C75 /* CustomShapes.swift */,
			);
			path = Shapes;
			sourceTree = "<group>";
		};
/* End PBXGroup section */

/* Begin PBXNativeTarget section */
		2D5C47252B637C7F00E541C0 /* SwiftUILearning */ = {
			isa = PBXNativeTarget;
			buildConfigurationList = 2D5C47342B637C8100E541C0 /* Build configuration list for PBXNativeTarget "SwiftUILearning" */;
			buildPhases = (
				2D5C47222B637C7F00E541C0 /* Sources */,
				2D5C47232B637C7F00E541C0 /* Frameworks */,
				2D5C47242B637C7F00E541C0 /* Resources */,
			);
			buildRules = (
			);
			dependencies = (
			);
			name = SwiftUILearning;
			productName = SwiftUILearning;
			productReference = 2D5C47262B637C7F00E541C0 /* SwiftUILearning.app */;
			productType = "com.apple.product-type.application";
		};
/* End PBXNativeTarget section */

/* Begin PBXProject section */
		2D5C471E2B637C7F00E541C0 /* Project object */ = {
			isa = PBXProject;
			attributes = {
				BuildIndependentTargetsInParallel = 1;
				LastSwiftUpdateCheck = 1520;
				LastUpgradeCheck = 1520;
				TargetAttributes = {
					2D5C47252B637C7F00E541C0 = {
						CreatedOnToolsVersion = 15.2;
					};
				};
			};
			buildConfigurationList = 2D5C47212B637C7F00E541C0 /* Build configuration list for PBXProject "SwiftUILearning" */;
			compatibilityVersion = "Xcode 14.0";
			developmentRegion = en;
			hasScannedForEncodings = 0;
			knownRegions = (
				en,
				Base,
			);
			mainGroup = 2D5C471D2B637C7F00E541C0;
			productRefGroup = 2D5C47272B637C7F00E541C0 /* Products */;
			projectDirPath = "";
			projectRoot = "";
			targets = (
				2D5C47252B637C7F00E541C0 /* SwiftUILearning */,
			);
		};
/* End PBXProject section */

/* Begin PBXResourcesBuildPhase section */
		2D5C47242B637C7F00E541C0 /* Resources */ = {
			isa = PBXResourcesBuildPhase;
			buildActionMask = 2147483647;
			files = (
				2D5C47312B637C8100E541C0 /* Preview Assets.xcassets in Resources */,
				2D5C472E2B637C8100E541C0 /* Assets.xcassets in Resources */,
			);
			runOnlyForDeploymentPostprocessing = 0;
		};
/* End PBXResourcesBuildPhase section */

/* Begin PBXSourcesBuildPhase section */
		2D5C47222B637C7F00E541C0 /* Sources */ = {
			isa = PBXSourcesBuildPhase;
			buildActionMask = 2147483647;
			files = (
				2D2FB04C2B64D1510019EFED /* CustomButtonDemo.swift in Sources */,
				2D931AEF2B68A4D600622C75 /* CustomShapes.swift in Sources */,
				2D2FB0522B6522D20019EFED /* TransitionDemo.swift in Sources */,
				2D2FB0452B64D05D0019EFED /* ButtonConfiguration.swift in Sources */,
				2D2FB05F2B66A8E50019EFED /* MatchedGeometryDemo.swift in Sources */,
				2D2FB0582B6653EC0019EFED /* CustomTransitionDemo.swift in Sources */,
				2D2FB0502B64D5C70019EFED /* ButtonStyleDemo.swift in Sources */,
				2D931AED2B68083F00622C75 /* CustomShapesDemo.swift in Sources */,
				2D5C472A2B637C7F00E541C0 /* SwiftUILearningApp.swift in Sources */,
				2D931AEA2B68035900622C75 /* AutomaticGrammarAgreement.swift in Sources */,
				2D2FB05C2B665A3F0019EFED /* CustomTransitions.swift in Sources */,
			);
			runOnlyForDeploymentPostprocessing = 0;
		};
/* End PBXSourcesBuildPhase section */

/* Begin XCBuildConfiguration section */
		2D5C47322B637C8100E541C0 /* Debug */ = {
			isa = XCBuildConfiguration;
			buildSettings = {
				ALWAYS_SEARCH_USER_PATHS = NO;
				ASSETCATALOG_COMPILER_GENERATE_SWIFT_ASSET_SYMBOL_EXTENSIONS = YES;
				CLANG_ANALYZER_NONNULL = YES;
				CLANG_ANALYZER_NUMBER_OBJECT_CONVERSION = YES_AGGRESSIVE;
				CLANG_CXX_LANGUAGE_STANDARD = "gnu++20";
				CLANG_ENABLE_MODULES = YES;
				CLANG_ENABLE_OBJC_ARC = YES;
				CLANG_ENABLE_OBJC_WEAK = YES;
				CLANG_WARN_BLOCK_CAPTURE_AUTORELEASING = YES;
				CLANG_WARN_BOOL_CONVERSION = YES;
				CLANG_WARN_COMMA = YES;
				CLANG_WARN_CONSTANT_CONVERSION = YES;
				CLANG_WARN_DEPRECATED_OBJC_IMPLEMENTATIONS = YES;
				CLANG_WARN_DIRECT_OBJC_ISA_USAGE = YES_ERROR;
				CLANG_WARN_DOCUMENTATION_COMMENTS = YES;
				CLANG_WARN_EMPTY_BODY = YES;
				CLANG_WARN_ENUM_CONVERSION = YES;
				CLANG_WARN_INFINITE_RECURSION = YES;
				CLANG_WARN_INT_CONVERSION = YES;
				CLANG_WARN_NON_LITERAL_NULL_CONVERSION = YES;
				CLANG_WARN_OBJC_IMPLICIT_RETAIN_SELF = YES;
				CLANG_WARN_OBJC_LITERAL_CONVERSION = YES;
				CLANG_WARN_OBJC_ROOT_CLASS = YES_ERROR;
				CLANG_WARN_QUOTED_INCLUDE_IN_FRAMEWORK_HEADER = YES;
				CLANG_WARN_RANGE_LOOP_ANALYSIS = YES;
				CLANG_WARN_STRICT_PROTOTYPES = YES;
				CLANG_WARN_SUSPICIOUS_MOVE = YES;
				CLANG_WARN_UNGUARDED_AVAILABILITY = YES_AGGRESSIVE;
				CLANG_WARN_UNREACHABLE_CODE = YES;
				CLANG_WARN__DUPLICATE_METHOD_MATCH = YES;
				COPY_PHASE_STRIP = NO;
				DEBUG_INFORMATION_FORMAT = dwarf;
				ENABLE_STRICT_OBJC_MSGSEND = YES;
				ENABLE_TESTABILITY = YES;
				ENABLE_USER_SCRIPT_SANDBOXING = YES;
				GCC_C_LANGUAGE_STANDARD = gnu17;
				GCC_DYNAMIC_NO_PIC = NO;
				GCC_NO_COMMON_BLOCKS = YES;
				GCC_OPTIMIZATION_LEVEL = 0;
				GCC_PREPROCESSOR_DEFINITIONS = (
					"DEBUG=1",
					"$(inherited)",
				);
				GCC_WARN_64_TO_32_BIT_CONVERSION = YES;
				GCC_WARN_ABOUT_RETURN_TYPE = YES_ERROR;
				GCC_WARN_UNDECLARED_SELECTOR = YES;
				GCC_WARN_UNINITIALIZED_AUTOS = YES_AGGRESSIVE;
				GCC_WARN_UNUSED_FUNCTION = YES;
				GCC_WARN_UNUSED_VARIABLE = YES;
				IPHONEOS_DEPLOYMENT_TARGET = 17.2;
				LOCALIZATION_PREFERS_STRING_CATALOGS = YES;
				MTL_ENABLE_DEBUG_INFO = INCLUDE_SOURCE;
				MTL_FAST_MATH = YES;
				ONLY_ACTIVE_ARCH = YES;
				SDKROOT = iphoneos;
				SWIFT_ACTIVE_COMPILATION_CONDITIONS = "DEBUG $(inherited)";
				SWIFT_OPTIMIZATION_LEVEL = "-Onone";
			};
			name = Debug;
		};
		2D5C47332B637C8100E541C0 /* Release */ = {
			isa = XCBuildConfiguration;
			buildSettings = {
				ALWAYS_SEARCH_USER_PATHS = NO;
				ASSETCATALOG_COMPILER_GENERATE_SWIFT_ASSET_SYMBOL_EXTENSIONS = YES;
				CLANG_ANALYZER_NONNULL = YES;
				CLANG_ANALYZER_NUMBER_OBJECT_CONVERSION = YES_AGGRESSIVE;
				CLANG_CXX_LANGUAGE_STANDARD = "gnu++20";
				CLANG_ENABLE_MODULES = YES;
				CLANG_ENABLE_OBJC_ARC = YES;
				CLANG_ENABLE_OBJC_WEAK = YES;
				CLANG_WARN_BLOCK_CAPTURE_AUTORELEASING = YES;
				CLANG_WARN_BOOL_CONVERSION = YES;
				CLANG_WARN_COMMA = YES;
				CLANG_WARN_CONSTANT_CONVERSION = YES;
				CLANG_WARN_DEPRECATED_OBJC_IMPLEMENTATIONS = YES;
				CLANG_WARN_DIRECT_OBJC_ISA_USAGE = YES_ERROR;
				CLANG_WARN_DOCUMENTATION_COMMENTS = YES;
				CLANG_WARN_EMPTY_BODY = YES;
				CLANG_WARN_ENUM_CONVERSION = YES;
				CLANG_WARN_INFINITE_RECURSION = YES;
				CLANG_WARN_INT_CONVERSION = YES;
				CLANG_WARN_NON_LITERAL_NULL_CONVERSION = YES;
				CLANG_WARN_OBJC_IMPLICIT_RETAIN_SELF = YES;
				CLANG_WARN_OBJC_LITERAL_CONVERSION = YES;
				CLANG_WARN_OBJC_ROOT_CLASS = YES_ERROR;
				CLANG_WARN_QUOTED_INCLUDE_IN_FRAMEWORK_HEADER = YES;
				CLANG_WARN_RANGE_LOOP_ANALYSIS = YES;
				CLANG_WARN_STRICT_PROTOTYPES = YES;
				CLANG_WARN_SUSPICIOUS_MOVE = YES;
				CLANG_WARN_UNGUARDED_AVAILABILITY = YES_AGGRESSIVE;
				CLANG_WARN_UNREACHABLE_CODE = YES;
				CLANG_WARN__DUPLICATE_METHOD_MATCH = YES;
				COPY_PHASE_STRIP = NO;
				DEBUG_INFORMATION_FORMAT = "dwarf-with-dsym";
				ENABLE_NS_ASSERTIONS = NO;
				ENABLE_STRICT_OBJC_MSGSEND = YES;
				ENABLE_USER_SCRIPT_SANDBOXING = YES;
				GCC_C_LANGUAGE_STANDARD = gnu17;
				GCC_NO_COMMON_BLOCKS = YES;
				GCC_WARN_64_TO_32_BIT_CONVERSION = YES;
				GCC_WARN_ABOUT_RETURN_TYPE = YES_ERROR;
				GCC_WARN_UNDECLARED_SELECTOR = YES;
				GCC_WARN_UNINITIALIZED_AUTOS = YES_AGGRESSIVE;
				GCC_WARN_UNUSED_FUNCTION = YES;
				GCC_WARN_UNUSED_VARIABLE = YES;
				IPHONEOS_DEPLOYMENT_TARGET = 17.2;
				LOCALIZATION_PREFERS_STRING_CATALOGS = YES;
				MTL_ENABLE_DEBUG_INFO = NO;
				MTL_FAST_MATH = YES;
				SDKROOT = iphoneos;
				SWIFT_COMPILATION_MODE = wholemodule;
				VALIDATE_PRODUCT = YES;
			};
			name = Release;
		};
		2D5C47352B637C8100E541C0 /* Debug */ = {
			isa = XCBuildConfiguration;
			buildSettings = {
				ASSETCATALOG_COMPILER_APPICON_NAME = AppIcon;
				ASSETCATALOG_COMPILER_GLOBAL_ACCENT_COLOR_NAME = AccentColor;
				CODE_SIGN_STYLE = Automatic;
				CURRENT_PROJECT_VERSION = 1;
				DEVELOPMENT_ASSET_PATHS = "\"SwiftUILearning/Preview Content\"";
				DEVELOPMENT_TEAM = M662CH3H25;
				ENABLE_PREVIEWS = YES;
				GENERATE_INFOPLIST_FILE = YES;
				INFOPLIST_KEY_UIApplicationSceneManifest_Generation = YES;
				INFOPLIST_KEY_UIApplicationSupportsIndirectInputEvents = YES;
				INFOPLIST_KEY_UILaunchScreen_Generation = YES;
				INFOPLIST_KEY_UISupportedInterfaceOrientations_iPad = "UIInterfaceOrientationPortrait UIInterfaceOrientationPortraitUpsideDown UIInterfaceOrientationLandscapeLeft UIInterfaceOrientationLandscapeRight";
				INFOPLIST_KEY_UISupportedInterfaceOrientations_iPhone = "UIInterfaceOrientationPortrait UIInterfaceOrientationLandscapeLeft UIInterfaceOrientationLandscapeRight";
				LD_RUNPATH_SEARCH_PATHS = (
					"$(inherited)",
					"@executable_path/Frameworks",
				);
				MARKETING_VERSION = 1.0;
				PRODUCT_BUNDLE_IDENTIFIER = com.learning.SwiftUILearning;
				PRODUCT_NAME = "$(TARGET_NAME)";
				SWIFT_EMIT_LOC_STRINGS = YES;
				SWIFT_VERSION = 5.0;
				TARGETED_DEVICE_FAMILY = "1,2";
			};
			name = Debug;
		};
		2D5C47362B637C8100E541C0 /* Release */ = {
			isa = XCBuildConfiguration;
			buildSettings = {
				ASSETCATALOG_COMPILER_APPICON_NAME = AppIcon;
				ASSETCATALOG_COMPILER_GLOBAL_ACCENT_COLOR_NAME = AccentColor;
				CODE_SIGN_STYLE = Automatic;
				CURRENT_PROJECT_VERSION = 1;
				DEVELOPMENT_ASSET_PATHS = "\"SwiftUILearning/Preview Content\"";
				DEVELOPMENT_TEAM = M662CH3H25;
				ENABLE_PREVIEWS = YES;
				GENERATE_INFOPLIST_FILE = YES;
				INFOPLIST_KEY_UIApplicationSceneManifest_Generation = YES;
				INFOPLIST_KEY_UIApplicationSupportsIndirectInputEvents = YES;
				INFOPLIST_KEY_UILaunchScreen_Generation = YES;
				INFOPLIST_KEY_UISupportedInterfaceOrientations_iPad = "UIInterfaceOrientationPortrait UIInterfaceOrientationPortraitUpsideDown UIInterfaceOrientationLandscapeLeft UIInterfaceOrientationLandscapeRight";
				INFOPLIST_KEY_UISupportedInterfaceOrientations_iPhone = "UIInterfaceOrientationPortrait UIInterfaceOrientationLandscapeLeft UIInterfaceOrientationLandscapeRight";
				LD_RUNPATH_SEARCH_PATHS = (
					"$(inherited)",
					"@executable_path/Frameworks",
				);
				MARKETING_VERSION = 1.0;
				PRODUCT_BUNDLE_IDENTIFIER = com.learning.SwiftUILearning;
				PRODUCT_NAME = "$(TARGET_NAME)";
				SWIFT_EMIT_LOC_STRINGS = YES;
				SWIFT_VERSION = 5.0;
				TARGETED_DEVICE_FAMILY = "1,2";
			};
			name = Release;
		};
/* End XCBuildConfiguration section */

/* Begin XCConfigurationList section */
		2D5C47212B637C7F00E541C0 /* Build configuration list for PBXProject "SwiftUILearning" */ = {
			isa = XCConfigurationList;
			buildConfigurations = (
				2D5C47322B637C8100E541C0 /* Debug */,
				2D5C47332B637C8100E541C0 /* Release */,
			);
			defaultConfigurationIsVisible = 0;
			defaultConfigurationName = Release;
		};
		2D5C47342B637C8100E541C0 /* Build configuration list for PBXNativeTarget "SwiftUILearning" */ = {
			isa = XCConfigurationList;
			buildConfigurations = (
				2D5C47352B637C8100E541C0 /* Debug */,
				2D5C47362B637C8100E541C0 /* Release */,
			);
			defaultConfigurationIsVisible = 0;
			defaultConfigurationName = Release;
		};
/* End XCConfigurationList section */
	};
	rootObject = 2D5C471E2B637C7F00E541C0 /* Project object */;
}
